{
  "name": "password-manager",
  "version": "1.0.0",
  "lockfileVersion": 1,
  "requires": true,
  "dependencies": {
    "crypto-js": {
      "version": "3.1.5",
      "resolved": "https://registry.npmjs.org/crypto-js/-/crypto-js-3.1.5.tgz",
      "integrity": "sha1-2nXPOyrBmnt5FwPruV0KLJMqmNg="
    },
    "node-persist": {
      "version": "0.0.6",
      "resolved": "https://registry.npmjs.org/node-persist/-/node-persist-0.0.6.tgz",
      "integrity": "sha1-WL4EDx8uHpNThsIonTzfojApD0E=",
      "requires": {
        "mkdirp": "~0.3.5",
        "q": "~1.1.1"
      },
      "dependencies": {
        "mkdirp": {
          "version": "0.3.5",
          "resolved": "https://registry.npmjs.org/mkdirp/-/mkdirp-0.3.5.tgz",
          "integrity": "sha1-3j5fiWHIjHh+4TaN+EmsRBPsqNc="
        },
        "q": {
          "version": "1.1.2",
          "resolved": "https://registry.npmjs.org/q/-/q-1.1.2.tgz",
          "integrity": "sha1-Y1fikSBnAdmfGXq4TlforRlvKok="
        }
      }
    },
    "yargs": {
      "version": "3.15.0",
      "resolved": "https://registry.npmjs.org/yargs/-/yargs-3.15.0.tgz",
      "integrity": "sha1-PZRG7yH7N5GzmFaQZi5LloPH8YE=",
      "requires": {
        "camelcase": "^1.0.2",
        "cliui": "^2.1.0",
        "decamelize": "^1.0.0",
        "window-size": "^0.1.1"
      },
      "dependencies": {
        "camelcase": {
          "version": "1.2.1",
          "resolved": "https://registry.npmjs.org/camelcase/-/camelcase-1.2.1.tgz",
          "integrity": "sha1-m7UwTS4LVmmLLHWLCKPqqdqlijk="
        },
        "cliui": {
          "version": "2.1.0",
          "resolved": "https://registry.npmjs.org/cliui/-/cliui-2.1.0.tgz",
          "integrity": "sha1-S0dXYP+AJkx2LDoXGQMukcf+oNE=",
          "requires": {
            "center-align": "^0.1.1",
            "right-align": "^0.1.1",
            "wordwrap": "0.0.2"
          },
          "dependencies": {
            "center-align": {
              "version": "0.1.1",
              "resolved": "https://registry.npmjs.org/center-align/-/center-align-0.1.1.tgz",
              "integrity": "sha1-VNIEv6YbP++3hs/YSC98TgkCMc0=",
              "requires": {
                "align-text": "^0.1.0"
              },
              "dependencies": {
                "align-text": {
                  "version": "0.1.3",
                  "resolved": "https://registry.npmjs.org/align-text/-/align-text-0.1.3.tgz",
                  "integrity": "sha1-cts5g4cu7CMTkZyUJqmTpBr+k/c=",
                  "requires": {
                    "kind-of": "^2.0.0",
                    "longest": "^1.0.1",
                    "repeat-string": "^1.5.2"
                  },
                  "dependencies": {
                    "kind-of": {
                      "version": "2.0.1",
                      "resolved": "https://registry.npmjs.org/kind-of/-/kind-of-2.0.1.tgz",
                      "integrity": "sha1-AY7HpM5+OobLkUG+UZ0kyPqpgbU=",
                      "requires": {
                        "is-buffer": "^1.0.2"
                      },
                      "dependencies": {
                        "is-buffer": {
                          "version": "1.0.2",
                          "resolved": "https://registry.npmjs.org/is-buffer/-/is-buffer-1.0.2.tgz",
                          "integrity": "sha1-9cbAUdc/hvEbTuFCZ8wQKfziYdA="
                        }
                      }
                    },
                    "longest": {
                      "version": "1.0.1",
                      "resolved": "https://registry.npmjs.org/longest/-/longest-1.0.1.tgz",
                      "integrity": "sha1-MKCy2jj3N3DoKUoNIuZiXtd9AJc="
                    },
                    "repeat-string": {
                      "version": "1.5.2",
                      "resolved": "https://registry.npmjs.org/repeat-string/-/repeat-string-1.5.2.tgz",
                      "integrity": "sha1-IQZfcHJ60FOg3V6VesngDHVg2Qo="
                    }
                  }
                }
              }
            },
            "right-align": {
              "version": "0.1.3",
              "resolved": "https://registry.npmjs.org/right-align/-/right-align-0.1.3.tgz",
              "integrity": "sha1-YTObci/mo1FWiSENJOFMlhSGE+8=",
              "requires": {
                "align-text": "^0.1.1"
              },
              "dependencies": {
                "align-text": {
                  "version": "0.1.3",
                  "resolved": "https://registry.npmjs.org/align-text/-/align-text-0.1.3.tgz",
                  "integrity": "sha1-cts5g4cu7CMTkZyUJqmTpBr+k/c=",
                  "requires": {
                    "kind-of": "^2.0.0",
                    "longest": "^1.0.1",
                    "repeat-string": "^1.5.2"
                  },
                  "dependencies": {
                    "kind-of": {
                      "version": "2.0.1",
                      "resolved": "https://registry.npmjs.org/kind-of/-/kind-of-2.0.1.tgz",
                      "integrity": "sha1-AY7HpM5+OobLkUG+UZ0kyPqpgbU=",
                      "requires": {
                        "is-buffer": "^1.0.2"
                      },
                      "dependencies": {
                        "is-buffer": {
                          "version": "1.0.2",
                          "resolved": "https://registry.npmjs.org/is-buffer/-/is-buffer-1.0.2.tgz",
                          "integrity": "sha1-9cbAUdc/hvEbTuFCZ8wQKfziYdA="
                        }
                      }
                    },
                    "longest": {
                      "version": "1.0.1",
                      "resolved": "https://registry.npmjs.org/longest/-/longest-1.0.1.tgz",
                      "integrity": "sha1-MKCy2jj3N3DoKUoNIuZiXtd9AJc="
                    },
                    "repeat-string": {
                      "version": "1.5.2",
                      "resolved": "https://registry.npmjs.org/repeat-string/-/repeat-string-1.5.2.tgz",
                      "integrity": "sha1-IQZfcHJ60FOg3V6VesngDHVg2Qo="
                    }
                  }
                }
              }
            },
            "wordwrap": {
              "version": "0.0.2",
              "resolved": "https://registry.npmjs.org/wordwrap/-/wordwrap-0.0.2.tgz",
              "integrity": "sha1-t5Zpu0LstAn4PVg8rVLKF+qhZD8="
            }
          }
        },
        "decamelize": {
          "version": "1.0.0",
          "resolved": "https://registry.npmjs.org/decamelize/-/decamelize-1.0.0.tgz",
          "integrity": "sha1-UocSL3FpHUUFsY/yJY3EAKWyOEc="
        },
        "window-size": {
          "version": "0.1.2",
          "resolved": "https://registry.npmjs.org/window-size/-/window-size-0.1.2.tgz",
          "integrity": "sha1-ENU/D47oZ+OoUfC+DjEAhyMp2zo="
        }
      }
    }
  }
}
